{
    "version": 3,
    "terraform_version": "0.9.5",
    "serial": 1,
    "lineage": "a0e0b38d-ddf7-4971-a783-4ec6de08a9b3",
    "modules": [
        {
            "path": [
                "root"
            ],
            "outputs": {},
            "resources": {
                "aws_dynamodb_table.todo-k8s-dynamodb-table": {
                    "type": "aws_dynamodb_table",
                    "depends_on": [],
                    "primary": {
                        "id": "dev-todo-k8s-todos",
                        "attributes": {
                            "arn": "arn:aws:dynamodb:us-east-1:735354846484:table/dev-todo-k8s-todos",
                            "attribute.#": "3",
                            "attribute.2208821202.name": "status",
                            "attribute.2208821202.type": "N",
                            "attribute.2652332591.name": "assignee",
                            "attribute.2652332591.type": "N",
                            "attribute.4228504427.name": "id",
                            "attribute.4228504427.type": "N",
                            "global_secondary_index.#": "1",
                            "global_secondary_index.3359116809.hash_key": "assignee",
                            "global_secondary_index.3359116809.name": "assignee_status_index",
                            "global_secondary_index.3359116809.non_key_attributes.#": "0",
                            "global_secondary_index.3359116809.projection_type": "ALL",
                            "global_secondary_index.3359116809.range_key": "status",
                            "global_secondary_index.3359116809.read_capacity": "2",
                            "global_secondary_index.3359116809.write_capacity": "2",
                            "hash_key": "assignee",
                            "id": "dev-todo-k8s-todos",
                            "local_secondary_index.#": "0",
                            "name": "dev-todo-k8s-todos",
                            "range_key": "id",
                            "read_capacity": "2",
                            "tags.%": "2",
                            "tags.Environment": "dev",
                            "tags.Name": "dev-todo-k8s-todos",
                            "write_capacity": "2"
                        },
                        "meta": {
                            "schema_version": "1"
                        },
                        "tainted": false
                    },
                    "deposed": [],
                    "provider": ""
                },
                "aws_ecr_repository.repo": {
                    "type": "aws_ecr_repository",
                    "depends_on": [],
                    "primary": {
                        "id": "master/todo-k8s",
                        "attributes": {
                            "arn": "arn:aws:ecr:us-east-1:735354846484:repository/master/todo-k8s",
                            "id": "master/todo-k8s",
                            "name": "master/todo-k8s",
                            "registry_id": "735354846484",
                            "repository_url": "735354846484.dkr.ecr.us-east-1.amazonaws.com/master/todo-k8s"
                        },
                        "meta": {},
                        "tainted": false
                    },
                    "deposed": [],
                    "provider": ""
                },
                "aws_ecr_repository_policy.repo-prod": {
                    "type": "aws_ecr_repository_policy",
                    "depends_on": [
                        "aws_ecr_repository.repo",
                        "data.aws_iam_policy_document.repo-prod"
                    ],
                    "primary": {
                        "id": "master/todo-k8s",
                        "attributes": {
                            "id": "master/todo-k8s",
                            "policy": "{\n  \"Version\": \"2012-10-17\",\n  \"Statement\": [\n    {\n      \"Sid\": \"Allow ofp and ofpdev\",\n      \"Effect\": \"Allow\",\n      \"Action\": [\n        \"ecr:UploadLayerPart\",\n        \"ecr:PutImage\",\n        \"ecr:ListImages\",\n        \"ecr:InitiateLayerUpload\",\n        \"ecr:GetRepositoryPolicy\",\n        \"ecr:GetDownloadUrlForLayer\",\n        \"ecr:DescribeRepositories\",\n        \"ecr:DescribeImages\",\n        \"ecr:CompleteLayerUpload\",\n        \"ecr:BatchGetImage\",\n        \"ecr:BatchCheckLayerAvailability\"\n      ],\n      \"Principal\": {\n        \"AWS\": [\n          \"arn:aws:iam::735354846484:root\",\n          \"arn:aws:iam::372615401783:root\"\n        ]\n      }\n    }\n  ]\n}",
                            "registry_id": "735354846484",
                            "repository": "master/todo-k8s"
                        },
                        "meta": {},
                        "tainted": false
                    },
                    "deposed": [],
                    "provider": ""
                },
                "data.aws_caller_identity.current": {
                    "type": "aws_caller_identity",
                    "depends_on": [],
                    "primary": {
                        "id": "2017-06-13 05:25:39.303452168 +0000 UTC",
                        "attributes": {
                            "account_id": "735354846484",
                            "arn": "arn:aws:iam::735354846484:user/ian.auld",
                            "id": "2017-06-13 05:25:39.303452168 +0000 UTC",
                            "user_id": "AIDAJZA5GSOEC4VD5BZY6"
                        },
                        "meta": {},
                        "tainted": false
                    },
                    "deposed": [],
                    "provider": ""
                },
                "data.aws_iam_policy_document.repo-prod": {
                    "type": "aws_iam_policy_document",
                    "depends_on": [
                        "data.aws_caller_identity.current"
                    ],
                    "primary": {
                        "id": "3368433019",
                        "attributes": {
                            "id": "3368433019",
                            "json": "{\n  \"Version\": \"2012-10-17\",\n  \"Statement\": [\n    {\n      \"Sid\": \"Allow ofp and ofpdev\",\n      \"Effect\": \"Allow\",\n      \"Action\": [\n        \"ecr:UploadLayerPart\",\n        \"ecr:PutImage\",\n        \"ecr:ListImages\",\n        \"ecr:InitiateLayerUpload\",\n        \"ecr:GetRepositoryPolicy\",\n        \"ecr:GetDownloadUrlForLayer\",\n        \"ecr:DescribeRepositories\",\n        \"ecr:DescribeImages\",\n        \"ecr:CompleteLayerUpload\",\n        \"ecr:BatchGetImage\",\n        \"ecr:BatchCheckLayerAvailability\"\n      ],\n      \"Principal\": {\n        \"AWS\": [\n          \"arn:aws:iam::735354846484:root\",\n          \"arn:aws:iam::372615401783:root\"\n        ]\n      }\n    }\n  ]\n}",
                            "statement.#": "1",
                            "statement.0.actions.#": "11",
                            "statement.0.actions.1035341934": "ecr:DescribeRepositories",
                            "statement.0.actions.1813900036": "ecr:BatchCheckLayerAvailability",
                            "statement.0.actions.209119921": "ecr:GetRepositoryPolicy",
                            "statement.0.actions.2578429660": "ecr:UploadLayerPart",
                            "statement.0.actions.2610373158": "ecr:GetDownloadUrlForLayer",
                            "statement.0.actions.356957045": "ecr:InitiateLayerUpload",
                            "statement.0.actions.3658911630": "ecr:DescribeImages",
                            "statement.0.actions.4234869000": "ecr:BatchGetImage",
                            "statement.0.actions.4272682636": "ecr:ListImages",
                            "statement.0.actions.490001327": "ecr:CompleteLayerUpload",
                            "statement.0.actions.977834259": "ecr:PutImage",
                            "statement.0.condition.#": "0",
                            "statement.0.effect": "Allow",
                            "statement.0.not_actions.#": "0",
                            "statement.0.not_principals.#": "0",
                            "statement.0.not_resources.#": "0",
                            "statement.0.principals.#": "1",
                            "statement.0.principals.1037925697.identifiers.#": "2",
                            "statement.0.principals.1037925697.identifiers.1291746846": "arn:aws:iam::735354846484:root",
                            "statement.0.principals.1037925697.identifiers.2503981446": "arn:aws:iam::372615401783:root",
                            "statement.0.principals.1037925697.type": "AWS",
                            "statement.0.resources.#": "0",
                            "statement.0.sid": "Allow ofp and ofpdev"
                        },
                        "meta": {},
                        "tainted": false
                    },
                    "deposed": [],
                    "provider": ""
                }
            },
            "depends_on": []
        }
    ]
}
